# THIS IS AN AUTOGENERATED FILE. DO NOT EDIT THIS FILE DIRECTLY.
# yarn lockfile v1


fathom-client@^3.5.0:
  version "3.5.0"
  resolved "https://registry.yarnpkg.com/fathom-client/-/fathom-client-3.5.0.tgz#47bf3e67fa789ec415fe6efdc0ec02b9187b4b0d"
  integrity sha512-BiRDS9Q9a8Zma0H717FWC5cvf545K/CsxBpxKT22TcSl1EbRhhlHWIJgrdeiQUfdorBK2ppy09TwMOhRsbos/A==
